
Microsoft Visual Studio Solution File, Format Version 12.00
# Visual Studio Version 16
VisualStudioVersion = 16.0.30114.105
MinimumVisualStudioVersion = 10.0.40219.1
Project("{FAE04EC0-301F-11D3-BF4B-00C04F79EFBC}") = "TestStudy", "TestStudy.csproj", "{DC8575E4-1C07-42B8-A092-111829E48079}"
EndProject
Global
	GlobalSection(SolutionConfigurationPlatforms) = preSolution
		Debug|Any CPU = Debug|Any CPU
		Release|Any CPU = Release|Any CPU
	EndGlobalSection
	GlobalSection(ProjectConfigurationPlatforms) = postSolution
		{DC8575E4-1C07-42B8-A092-111829E48079}.Debug|Any CPU.ActiveCfg = Debug|Any CPU
		{DC8575E4-1C07-42B8-A092-111829E48079}.Debug|Any CPU.Build.0 = Debug|Any CPU
		{DC8575E4-1C07-42B8-A092-111829E48079}.Release|Any CPU.ActiveCfg = Release|Any CPU
		{DC8575E4-1C07-42B8-A092-111829E48079}.Release|Any CPU.Build.0 = Release|Any CPU
	EndGlobalSection
	GlobalSection(SolutionProperties) = preSolution
		HideSolutionNode = FALSE
	EndGlobalSection
	GlobalSection(ExtensibilityGlobals) = postSolution
		SolutionGuid = {AA09C6F5-2A1D-4439-95C8-04233E7BA66D}
	EndGlobalSection
EndGlobal
